// !$*UTF8*$!
{
	archiveVersion = 1;
	classes = {
	};
	objectVersion = 46;
	objects = {

/* Begin PBXBuildFile section */
		7EDECC221B0D24D10035FDB4 /* AppDelegate.swift in Sources */ = {isa = PBXBuildFile; fileRef = 7EDECC211B0D24D10035FDB4 /* AppDelegate.swift */; };
		7EDECC241B0D24D10035FDB4 /* ViewController.swift in Sources */ = {isa = PBXBuildFile; fileRef = 7EDECC231B0D24D10035FDB4 /* ViewController.swift */; };
		7EDECC271B0D24D10035FDB4 /* Main.storyboard in Resources */ = {isa = PBXBuildFile; fileRef = 7EDECC251B0D24D10035FDB4 /* Main.storyboard */; };
		7EDECC291B0D24D10035FDB4 /* Images.xcassets in Resources */ = {isa = PBXBuildFile; fileRef = 7EDECC281B0D24D10035FDB4 /* Images.xcassets */; };
		7EDECC2C1B0D24D10035FDB4 /* LaunchScreen.xib in Resources */ = {isa = PBXBuildFile; fileRef = 7EDECC2A1B0D24D10035FDB4 /* LaunchScreen.xib */; };
		7EDECC381B0D24D10035FDB4 /* How_Many_FingersTests.swift in Sources */ = {isa = PBXBuildFile; fileRef = 7EDECC371B0D24D10035FDB4 /* How_Many_FingersTests.swift */; };
/* End PBXBuildFile section */

/* Begin PBXContainerItemProxy section */
		7EDECC321B0D24D10035FDB4 /* PBXContainerItemProxy */ = {
			isa = PBXContainerItemProxy;
			containerPortal = 7EDECC141B0D24D10035FDB4 /* Project object */;
			proxyType = 1;
			remoteGlobalIDString = 7EDECC1B1B0D24D10035FDB4;
			remoteInfo = "How Many Fingers";
		};
/* End PBXContainerItemProxy section */

/* Begin PBXFileReference section */
		7EDECC1C1B0D24D10035FDB4 /* How Many Fingers.app */ = {isa = PBXFileReference; explicitFileType = wrapper.application; includeInIndex = 0; path = "How Many Fingers.app"; sourceTree = BUILT_PRODUCTS_DIR; };
		7EDECC201B0D24D10035FDB4 /* Info.plist */ = {isa = PBXFileReference; lastKnownFileType = text.plist.xml; path = Info.plist; sourceTree = "<group>"; };
		7EDECC211B0D24D10035FDB4 /* AppDelegate.swift */ = {isa = PBXFileReference; lastKnownFileType = sourcecode.swift; path = AppDelegate.swift; sourceTree = "<group>"; };
		7EDECC231B0D24D10035FDB4 /* ViewController.swift */ = {isa = PBXFileReference; lastKnownFileType = sourcecode.swift; path = ViewController.swift; sourceTree = "<group>"; };
		7EDECC261B0D24D10035FDB4 /* Base */ = {isa = PBXFileReference; lastKnownFileType = file.storyboard; name = Base; path = Base.lproj/Main.storyboard; sourceTree = "<group>"; };
		7EDECC281B0D24D10035FDB4 /* Images.xcassets */ = {isa = PBXFileReference; lastKnownFileType = folder.assetcatalog; path = Images.xcassets; sourceTree = "<group>"; };
		7EDECC2B1B0D24D10035FDB4 /* Base */ = {isa = PBXFileReference; lastKnownFileType = file.xib; name = Base; path = Base.lproj/LaunchScreen.xib; sourceTree = "<group>"; };
		7EDECC311B0D24D10035FDB4 /* How Many FingersTests.xctest */ = {isa = PBXFileReference; explicitFileType = wrapper.cfbundle; includeInIndex = 0; path = "How Many FingersTests.xctest"; sourceTree = BUILT_PRODUCTS_DIR; };
		7EDECC361B0D24D10035FDB4 /* Info.plist */ = {isa = PBXFileReference; lastKnownFileType = text.plist.xml; path = Info.plist; sourceTree = "<group>"; };
		7EDECC371B0D24D10035FDB4 /* How_Many_FingersTests.swift */ = {isa = PBXFileReference; lastKnownFileType = sourcecode.swift; path = How_Many_FingersTests.swift; sourceTree = "<group>"; };
/* End PBXFileReference section */

/* Begin PBXFrameworksBuildPhase section */
		7EDECC191B0D24D10035FDB4 /* Frameworks */ = {
			isa = PBXFrameworksBuildPhase;
			buildActionMask = 2147483647;
			files = (
			);
			runOnlyForDeploymentPostprocessing = 0;
		};
		7EDECC2E1B0D24D10035FDB4 /* Frameworks */ = {
			isa = PBXFrameworksBuildPhase;
			buildActionMask = 2147483647;
			files = (
			);
			runOnlyForDeploymentPostprocessing = 0;
		};
/* End PBXFrameworksBuildPhase section */

/* Begin PBXGroup section */
		7EDECC131B0D24D10035FDB4 = {
			isa = PBXGroup;
			children = (
				7EDECC1E1B0D24D10035FDB4 /* How Many Fingers */,
				7EDECC341B0D24D10035FDB4 /* How Many FingersTests */,
				7EDECC1D1B0D24D10035FDB4 /* Products */,
			);
			sourceTree = "<group>";
		};
		7EDECC1D1B0D24D10035FDB4 /* Products */ = {
			isa = PBXGroup;
			children = (
				7EDECC1C1B0D24D10035FDB4 /* How Many Fingers.app */,
				7EDECC311B0D24D10035FDB4 /* How Many FingersTests.xctest */,
			);
			name = Products;
			sourceTree = "<group>";
		};
		7EDECC1E1B0D24D10035FDB4 /* How Many Fingers */ = {
			isa = PBXGroup;
			children = (
				7EDECC211B0D24D10035FDB4 /* AppDelegate.swift */,
				7EDECC231B0D24D10035FDB4 /* ViewController.swift */,
				7EDECC251B0D24D10035FDB4 /* Main.storyboard */,
				7EDECC281B0D24D10035FDB4 /* Images.xcassets */,
				7EDECC2A1B0D24D10035FDB4 /* LaunchScreen.xib */,
				7EDECC1F1B0D24D10035FDB4 /* Supporting Files */,
			);
			path = "How Many Fingers";
			sourceTree = "<group>";
		};
		7EDECC1F1B0D24D10035FDB4 /* Supporting Files */ = {
			isa = PBXGroup;
			children = (
				7EDECC201B0D24D10035FDB4 /* Info.plist */,
			);
			name = "Supporting Files";
			sourceTree = "<group>";
		};
		7EDECC341B0D24D10035FDB4 /* How Many FingersTests */ = {
			isa = PBXGroup;
			children = (
				7EDECC371B0D24D10035FDB4 /* How_Many_FingersTests.swift */,
				7EDECC351B0D24D10035FDB4 /* Supporting Files */,
			);
			path = "How Many FingersTests";
			sourceTree = "<group>";
		};
		7EDECC351B0D24D10035FDB4 /* Supporting Files */ = {
			isa = PBXGroup;
			children = (
				7EDECC361B0D24D10035FDB4 /* Info.plist */,
			);
			name = "Supporting Files";
			sourceTree = "<group>";
		};
/* End PBXGroup section */

/* Begin PBXNativeTarget section */
		7EDECC1B1B0D24D10035FDB4 /* How Many Fingers */ = {
			isa = PBXNativeTarget;
			buildConfigurationList = 7EDECC3B1B0D24D10035FDB4 /* Build configuration list for PBXNativeTarget "How Many Fingers" */;
			buildPhases = (
				7EDECC181B0D24D10035FDB4 /* Sources */,
				7EDECC191B0D24D10035FDB4 /* Frameworks */,
				7EDECC1A1B0D24D10035FDB4 /* Resources */,
			);
			buildRules = (
			);
			dependencies = (
			);
			name = "How Many Fingers";
			productName = "How Many Fingers";
			productReference = 7EDECC1C1B0D24D10035FDB4 /* How Many Fingers.app */;
			productType = "com.apple.product-type.application";
		};
		7EDECC301B0D24D10035FDB4 /* How Many FingersTests */ = {
			isa = PBXNativeTarget;
			buildConfigurationList = 7EDECC3E1B0D24D10035FDB4 /* Build configuration list for PBXNativeTarget "How Many FingersTests" */;
			buildPhases = (
				7EDECC2D1B0D24D10035FDB4 /* Sources */,
				7EDECC2E1B0D24D10035FDB4 /* Frameworks */,
				7EDECC2F1B0D24D10035FDB4 /* Resources */,
			);
			buildRules = (
			);
			dependencies = (
				7EDECC331B0D24D10035FDB4 /* PBXTargetDependency */,
			);
			name = "How Many FingersTests";
			productName = "How Many FingersTests";
			productReference = 7EDECC311B0D24D10035FDB4 /* How Many FingersTests.xctest */;
			productType = "com.apple.product-type.bundle.unit-test";
		};
/* End PBXNativeTarget section */

/* Begin PBXProject section */
		7EDECC141B0D24D10035FDB4 /* Project object */ = {
			isa = PBXProject;
			attributes = {
				LastUpgradeCheck = 0630;
				ORGANIZATIONNAME = Jason;
				TargetAttributes = {
					7EDECC1B1B0D24D10035FDB4 = {
						CreatedOnToolsVersion = 6.3.2;
					};
					7EDECC301B0D24D10035FDB4 = {
						CreatedOnToolsVersion = 6.3.2;
						TestTargetID = 7EDECC1B1B0D24D10035FDB4;
					};
				};
			};
			buildConfigurationList = 7EDECC171B0D24D10035FDB4 /* Build configuration list for PBXProject "How Many Fingers" */;
			compatibilityVersion = "Xcode 3.2";
			developmentRegion = English;
			hasScannedForEncodings = 0;
			knownRegions = (
				en,
				Base,
			);
			mainGroup = 7EDECC131B0D24D10035FDB4;
			productRefGroup = 7EDECC1D1B0D24D10035FDB4 /* Products */;
			projectDirPath = "";
			projectRoot = "";
			targets = (
				7EDECC1B1B0D24D10035FDB4 /* How Many Fingers */,
				7EDECC301B0D24D10035FDB4 /* How Many FingersTests */,
			);
		};
/* End PBXProject section */

/* Begin PBXResourcesBuildPhase section */
		7EDECC1A1B0D24D10035FDB4 /* Resources */ = {
			isa = PBXResourcesBuildPhase;
			buildActionMask = 2147483647;
			files = (
				7EDECC271B0D24D10035FDB4 /* Main.storyboard in Resources */,
				7EDECC2C1B0D24D10035FDB4 /* LaunchScreen.xib in Resources */,
				7EDECC291B0D24D10035FDB4 /* Images.xcassets in Resources */,
			);
			runOnlyForDeploymentPostprocessing = 0;
		};
		7EDECC2F1B0D24D10035FDB4 /* Resources */ = {
			isa = PBXResourcesBuildPhase;
			buildActionMask = 2147483647;
			files = (
			);
			runOnlyForDeploymentPostprocessing = 0;
		};
/* End PBXResourcesBuildPhase section */

/* Begin PBXSourcesBuildPhase section */
		7EDECC181B0D24D10035FDB4 /* Sources */ = {
			isa = PBXSourcesBuildPhase;
			buildActionMask = 2147483647;
			files = (
				7EDECC241B0D24D10035FDB4 /* ViewController.swift in Sources */,
				7EDECC221B0D24D10035FDB4 /* AppDelegate.swift in Sources */,
			);
			runOnlyForDeploymentPostprocessing = 0;
		};
		7EDECC2D1B0D24D10035FDB4 /* Sources */ = {
			isa = PBXSourcesBuildPhase;
			buildActionMask = 2147483647;
			files = (
				7EDECC381B0D24D10035FDB4 /* How_Many_FingersTests.swift in Sources */,
			);
			runOnlyForDeploymentPostprocessing = 0;
		};
/* End PBXSourcesBuildPhase section */

/* Begin PBXTargetDependency section */
		7EDECC331B0D24D10035FDB4 /* PBXTargetDependency */ = {
			isa = PBXTargetDependency;
			target = 7EDECC1B1B0D24D10035FDB4 /* How Many Fingers */;
			targetProxy = 7EDECC321B0D24D10035FDB4 /* PBXContainerItemProxy */;
		};
/* End PBXTargetDependency section */

/* Begin PBXVariantGroup section */
		7EDECC251B0D24D10035FDB4 /* Main.storyboard */ = {
			isa = PBXVariantGroup;
			children = (
				7EDECC261B0D24D10035FDB4 /* Base */,
			);
			name = Main.storyboard;
			sourceTree = "<group>";
		};
		7EDECC2A1B0D24D10035FDB4 /* LaunchScreen.xib */ = {
			isa = PBXVariantGroup;
			children = (
				7EDECC2B1B0D24D10035FDB4 /* Base */,
			);
			name = LaunchScreen.xib;
			sourceTree = "<group>";
		};
/* End PBXVariantGroup section */

/* Begin XCBuildConfiguration section */
		7EDECC391B0D24D10035FDB4 /* Debug */ = {
			isa = XCBuildConfiguration;
			buildSettings = {
				ALWAYS_SEARCH_USER_PATHS = NO;
				CLANG_CXX_LANGUAGE_STANDARD = "gnu++0x";
				CLANG_CXX_LIBRARY = "libc++";
				CLANG_ENABLE_MODULES = YES;
				CLANG_ENABLE_OBJC_ARC = YES;
				CLANG_WARN_BOOL_CONVERSION = YES;
				CLANG_WARN_CONSTANT_CONVERSION = YES;
				CLANG_WARN_DIRECT_OBJC_ISA_USAGE = YES_ERROR;
				CLANG_WARN_EMPTY_BODY = YES;
				CLANG_WARN_ENUM_CONVERSION = YES;
				CLANG_WARN_INT_CONVERSION = YES;
				CLANG_WARN_OBJC_ROOT_CLASS = YES_ERROR;
				CLANG_WARN_UNREACHABLE_CODE = YES;
				CLANG_WARN__DUPLICATE_METHOD_MATCH = YES;
				"CODE_SIGN_IDENTITY[sdk=iphoneos*]" = "iPhone Developer";
				COPY_PHASE_STRIP = NO;
				DEBUG_INFORMATION_FORMAT = "dwarf-with-dsym";
				ENABLE_STRICT_OBJC_MSGSEND = YES;
				GCC_C_LANGUAGE_STANDARD = gnu99;
				GCC_DYNAMIC_NO_PIC = NO;
				GCC_NO_COMMON_BLOCKS = YES;
				GCC_OPTIMIZATION_LEVEL = 0;
				GCC_PREPROCESSOR_DEFINITIONS = (
					"DEBUG=1",
					"$(inherited)",
				);
				GCC_SYMBOLS_PRIVATE_EXTERN = NO;
				GCC_WARN_64_TO_32_BIT_CONVERSION = YES;
				GCC_WARN_ABOUT_RETURN_TYPE = YES_ERROR;
				GCC_WARN_UNDECLARED_SELECTOR = YES;
				GCC_WARN_UNINITIALIZED_AUTOS = YES_AGGRESSIVE;
				GCC_WARN_UNUSED_FUNCTION = YES;
				GCC_WARN_UNUSED_VARIABLE = YES;
				IPHONEOS_DEPLOYMENT_TARGET = 8.3;
				MTL_ENABLE_DEBUG_INFO = YES;
				ONLY_ACTIVE_ARCH = YES;
				SDKROOT = iphoneos;
				SWIFT_OPTIMIZATION_LEVEL = "-Onone";
			};
			name = Debug;
		};
		7EDECC3A1B0D24D10035FDB4 /* Release */ = {
			isa = XCBuildConfiguration;
			buildSettings = {
				ALWAYS_SEARCH_USER_PATHS = NO;
				CLANG_CXX_LANGUAGE_STANDARD = "gnu++0x";
				CLANG_CXX_LIBRARY = "libc++";
				CLANG_ENABLE_MODULES = YES;
				CLANG_ENABLE_OBJC_ARC = YES;
				CLANG_WARN_BOOL_CONVERSION = YES;
				CLANG_WARN_CONSTANT_CONVERSION = YES;
				CLANG_WARN_DIRECT_OBJC_ISA_USAGE = YES_ERROR;
				CLANG_WARN_EMPTY_BODY = YES;
				CLANG_WARN_ENUM_CONVERSION = YES;
				CLANG_WARN_INT_CONVERSION = YES;
				CLANG_WARN_OBJC_ROOT_CLASS = YES_ERROR;
				CLANG_WARN_UNREACHABLE_CODE = YES;
				CLANG_WARN__DUPLICATE_METHOD_MATCH = YES;
				"CODE_SIGN_IDENTITY[sdk=iphoneos*]" = "iPhone Developer";
				COPY_PHASE_STRIP = NO;
				DEBUG_INFORMATION_FORMAT = "dwarf-with-dsym";
				ENABLE_NS_ASSERTIONS = NO;
				ENABLE_STRICT_OBJC_MSGSEND = YES;
				GCC_C_LANGUAGE_STANDARD = gnu99;
				GCC_NO_COMMON_BLOCKS = YES;
				GCC_WARN_64_TO_32_BIT_CONVERSION = YES;
				GCC_WARN_ABOUT_RETURN_TYPE = YES_ERROR;
				GCC_WARN_UNDECLARED_SELECTOR = YES;
				GCC_WARN_UNINITIALIZED_AUTOS = YES_AGGRESSIVE;
				GCC_WARN_UNUSED_FUNCTION = YES;
				GCC_WARN_UNUSED_VARIABLE = YES;
				IPHONEOS_DEPLOYMENT_TARGET = 8.3;
				MTL_ENABLE_DEBUG_INFO = NO;
				SDKROOT = iphoneos;
				VALIDATE_PRODUCT = YES;
			};
			name = Release;
		};
		7EDECC3C1B0D24D10035FDB4 /* Debug */ = {
			isa = XCBuildConfiguration;
			buildSettings = {
				ASSETCATALOG_COMPILER_APPICON_NAME = AppIcon;
				INFOPLIST_FILE = "How Many Fingers/Info.plist";
				LD_RUNPATH_SEARCH_PATHS = "$(inherited) @executable_path/Frameworks";
				PRODUCT_NAME = "$(TARGET_NAME)";
			};
			name = Debug;
		};
		7EDECC3D1B0D24D10035FDB4 /* Release */ = {
			isa = XCBuildConfiguration;
			buildSettings = {
				ASSETCATALOG_COMPILER_APPICON_NAME = AppIcon;
				INFOPLIST_FILE = "How Many Fingers/Info.plist";
				LD_RUNPATH_SEARCH_PATHS = "$(inherited) @executable_path/Frameworks";
				PRODUCT_NAME = "$(TARGET_NAME)";
			};
			name = Release;
		};
		7EDECC3F1B0D24D10035FDB4 /* Debug */ = {
			isa = XCBuildConfiguration;
			buildSettings = {
				BUNDLE_LOADER = "$(TEST_HOST)";
				FRAMEWORK_SEARCH_PATHS = (
					"$(SDKROOT)/Developer/Library/Frameworks",
					"$(inherited)",
				);
				GCC_PREPROCESSOR_DEFINITIONS = (
					"DEBUG=1",
					"$(inherited)",
				);
				INFOPLIST_FILE = "How Many FingersTests/Info.plist";
				LD_RUNPATH_SEARCH_PATHS = "$(inherited) @executable_path/Frameworks @loader_path/Frameworks";
				PRODUCT_NAME = "$(TARGET_NAME)";
				TEST_HOST = "$(BUILT_PRODUCTS_DIR)/How Many Fingers.app/How Many Fingers";
			};
			name = Debug;
		};
		7EDECC401B0D24D10035FDB4 /* Release */ = {
			isa = XCBuildConfiguration;
			buildSettings = {
				BUNDLE_LOADER = "$(TEST_HOST)";
				FRAMEWORK_SEARCH_PATHS = (
					"$(SDKROOT)/Developer/Library/Frameworks",
					"$(inherited)",
				);
				INFOPLIST_FILE = "How Many FingersTests/Info.plist";
				LD_RUNPATH_SEARCH_PATHS = "$(inherited) @executable_path/Frameworks @loader_path/Frameworks";
				PRODUCT_NAME = "$(TARGET_NAME)";
				TEST_HOST = "$(BUILT_PRODUCTS_DIR)/How Many Fingers.app/How Many Fingers";
			};
			name = Release;
		};
/* End XCBuildConfiguration section */

/* Begin XCConfigurationList section */
		7EDECC171B0D24D10035FDB4 /* Build configuration list for PBXProject "How Many Fingers" */ = {
			isa = XCConfigurationList;
			buildConfigurations = (
				7EDECC391B0D24D10035FDB4 /* Debug */,
				7EDECC3A1B0D24D10035FDB4 /* Release */,
			);
			defaultConfigurationIsVisible = 0;
			defaultConfigurationName = Release;
		};
		7EDECC3B1B0D24D10035FDB4 /* Build configuration list for PBXNativeTarget "How Many Fingers" */ = {
			isa = XCConfigurationList;
			buildConfigurations = (
				7EDECC3C1B0D24D10035FDB4 /* Debug */,
				7EDECC3D1B0D24D10035FDB4 /* Release */,
			);
			defaultConfigurationIsVisible = 0;
		};
		7EDECC3E1B0D24D10035FDB4 /* Build configuration list for PBXNativeTarget "How Many FingersTests" */ = {
			isa = XCConfigurationList;
			buildConfigurations = (
				7EDECC3F1B0D24D10035FDB4 /* Debug */,
				7EDECC401B0D24D10035FDB4 /* Release */,
			);
			defaultConfigurationIsVisible = 0;
		};
/* End XCConfigurationList section */
	};
	rootObject = 7EDECC141B0D24D10035FDB4 /* Project object */;
}
